
Microsoft Visual Studio Solution File, Format Version 12.00
# Visual Studio 14
VisualStudioVersion = 14.0.25420.1
MinimumVisualStudioVersion = 10.0.40219.1
Project("{FAE04EC0-301F-11D3-BF4B-00C04F79EFBC}") = "CompareLogsUI", "CompareLogs\CompareLogsUI.csproj", "{B0387F32-3BA1-4AA3-B533-82055B53D255}"
	ProjectSection(ProjectDependencies) = postProject
		{A3082956-9EE4-4B35-9B4E-B07D0C4C8B56} = {A3082956-9EE4-4B35-9B4E-B07D0C4C8B56}
		{5FFAA1AB-FF74-46B6-ACF4-E5E9DA7B635D} = {5FFAA1AB-FF74-46B6-ACF4-E5E9DA7B635D}
	EndProjectSection
EndProject
Project("{FAE04EC0-301F-11D3-BF4B-00C04F79EFBC}") = "CompareLogsParser", "CompareLogsParser\CompareLogsParser.csproj", "{5FFAA1AB-FF74-46B6-ACF4-E5E9DA7B635D}"
EndProject
Project("{2150E333-8FDC-42A3-9474-1A3956D46DE8}") = "Solution Items", "Solution Items", "{3237BAA5-C9B5-4134-8400-2B7D65680476}"
	ProjectSection(SolutionItems) = preProject
		README.md = README.md
	EndProjectSection
EndProject
Project("{FAE04EC0-301F-11D3-BF4B-00C04F79EFBC}") = "SearchTextBox", "SearchTextBox\UIControls\SearchTextBox.csproj", "{A3082956-9EE4-4B35-9B4E-B07D0C4C8B56}"
EndProject
Global
	GlobalSection(SolutionConfigurationPlatforms) = preSolution
		Debug|Any CPU = Debug|Any CPU
		Release|Any CPU = Release|Any CPU
	EndGlobalSection
	GlobalSection(ProjectConfigurationPlatforms) = postSolution
		{B0387F32-3BA1-4AA3-B533-82055B53D255}.Debug|Any CPU.ActiveCfg = Debug|Any CPU
		{B0387F32-3BA1-4AA3-B533-82055B53D255}.Debug|Any CPU.Build.0 = Debug|Any CPU
		{B0387F32-3BA1-4AA3-B533-82055B53D255}.Release|Any CPU.ActiveCfg = Release|Any CPU
		{B0387F32-3BA1-4AA3-B533-82055B53D255}.Release|Any CPU.Build.0 = Release|Any CPU
		{5FFAA1AB-FF74-46B6-ACF4-E5E9DA7B635D}.Debug|Any CPU.ActiveCfg = Debug|Any CPU
		{5FFAA1AB-FF74-46B6-ACF4-E5E9DA7B635D}.Debug|Any CPU.Build.0 = Debug|Any CPU
		{5FFAA1AB-FF74-46B6-ACF4-E5E9DA7B635D}.Release|Any CPU.ActiveCfg = Release|Any CPU
		{5FFAA1AB-FF74-46B6-ACF4-E5E9DA7B635D}.Release|Any CPU.Build.0 = Release|Any CPU
		{A3082956-9EE4-4B35-9B4E-B07D0C4C8B56}.Debug|Any CPU.ActiveCfg = Debug|Any CPU
		{A3082956-9EE4-4B35-9B4E-B07D0C4C8B56}.Debug|Any CPU.Build.0 = Debug|Any CPU
		{A3082956-9EE4-4B35-9B4E-B07D0C4C8B56}.Release|Any CPU.ActiveCfg = Release|Any CPU
		{A3082956-9EE4-4B35-9B4E-B07D0C4C8B56}.Release|Any CPU.Build.0 = Release|Any CPU
	EndGlobalSection
	GlobalSection(SolutionProperties) = preSolution
		HideSolutionNode = FALSE
	EndGlobalSection
EndGlobal
